<?xml version="1.0" encoding="utf-8"?>
<Project ToolsVersion="4.0" xmlns="http://schemas.microsoft.com/developer/msbuild/2003">
  <ItemGroup>
    <Filter Include="Source Files">
      <UniqueIdentifier>{4FC737F1-C7A5-4376-A066-2A32D752A2FF}</UniqueIdentifier>
      <Extensions>cpp;c;cc;cxx;c++;cppm;ixx;def;odl;idl;hpj;bat;asm;asmx</Extensions>
    </Filter>
    <Filter Include="Header Files">
      <UniqueIdentifier>{93995380-89BD-4b04-88EB-625FBE52EBFB}</UniqueIdentifier>
      <Extensions>h;hh;hpp;hxx;h++;hm;inl;inc;ipp;xsd</Extensions>
    </Filter>
    <Filter Include="Resource Files">
      <UniqueIdentifier>{67DA6AB6-F800-4c08-8B7A-83BB121AAD01}</UniqueIdentifier>
      <Extensions>rc;ico;cur;bmp;dlg;rc2;rct;bin;rgs;gif;jpg;jpeg;jpe;resx;tiff;tif;png;wav;mfcribbon-ms</Extensions>
    </Filter>
    <Filter Include="Header Files\domain">
      <UniqueIdentifier>{a0677081-077a-4dea-a23d-4e96f37bf746}</UniqueIdentifier>
    </Filter>
    <Filter Include="Header Files\data">
      <UniqueIdentifier>{7fcbe2d8-9fcf-4585-be60-7537a25b5226}</UniqueIdentifier>
    </Filter>
    <Filter Include="Header Files\helpers">
      <UniqueIdentifier>{59f76f3e-88ae-464a-ab47-126cbe3f742b}</UniqueIdentifier>
    </Filter>
    <Filter Include="Source Files\domain">
      <UniqueIdentifier>{8a25d44b-a806-47b0-ad2b-473c5d041eea}</UniqueIdentifier>
    </Filter>
    <Filter Include="Source Files\data">
      <UniqueIdentifier>{e3f85c39-4199-4706-b59a-f03fb7a900bf}</UniqueIdentifier>
    </Filter>
    <Filter Include="Source Files\helpers">
      <UniqueIdentifier>{de36efda-1ea2-4477-b0ad-f5ba88f4bcef}</UniqueIdentifier>
    </Filter>
  </ItemGroup>
  <ItemGroup>
    <ClCompile Include="src\main.cpp">
      <Filter>Source Files</Filter>
    </ClCompile>
    <ClCompile Include="src\data\bug.cpp">
      <Filter>Source Files\data</Filter>
    </ClCompile>
    <ClCompile Include="src\data\epic.cpp">
      <Filter>Source Files\data</Filter>
    </ClCompile>
    <ClCompile Include="src\data\issue.cpp">
      <Filter>Source Files\data</Filter>
    </ClCompile>
    <ClCompile Include="src\data\story.cpp">
      <Filter>Source Files\data</Filter>
    </ClCompile>
    <ClCompile Include="src\helpers\issue-creator.cpp">
      <Filter>Source Files\helpers</Filter>
    </ClCompile>
    <ClCompile Include="src\helpers\issue-editor.cpp">
      <Filter>Source Files\helpers</Filter>
    </ClCompile>
    <ClCompile Include="src\helpers\issue-lister.cpp">
      <Filter>Source Files\helpers</Filter>
    </ClCompile>
    <ClCompile Include="src\helpers\issue-prompter.cpp">
      <Filter>Source Files\helpers</Filter>
    </ClCompile>
    <ClCompile Include="src\helpers\issue-remover.cpp">
      <Filter>Source Files\helpers</Filter>
    </ClCompile>
    <ClCompile Include="src\domain\issue-repository.cpp">
      <Filter>Source Files\domain</Filter>
    </ClCompile>
  </ItemGroup>
  <ItemGroup>
    <ClInclude Include="src\data\story.h">
      <Filter>Header Files\data</Filter>
    </ClInclude>
    <ClInclude Include="src\data\bug.h">
      <Filter>Header Files\data</Filter>
    </ClInclude>
    <ClInclude Include="src\data\epic.h">
      <Filter>Header Files\data</Filter>
    </ClInclude>
    <ClInclude Include="src\data\issue.h">
      <Filter>Header Files\data</Filter>
    </ClInclude>
    <ClInclude Include="src\helpers\issue-creator.h">
      <Filter>Header Files\helpers</Filter>
    </ClInclude>
    <ClInclude Include="src\helpers\issue-editor.h">
      <Filter>Header Files\helpers</Filter>
    </ClInclude>
    <ClInclude Include="src\helpers\issue-lister.h">
      <Filter>Header Files\helpers</Filter>
    </ClInclude>
    <ClInclude Include="src\helpers\issue-prompter.h">
      <Filter>Header Files\helpers</Filter>
    </ClInclude>
    <ClInclude Include="src\helpers\issue-remover.h">
      <Filter>Header Files\helpers</Filter>
    </ClInclude>
    <ClInclude Include="src\domain\issue-repository.h">
      <Filter>Header Files\domain</Filter>
    </ClInclude>
    <ClInclude Include="src\data\issue-type.h">
      <Filter>Header Files\data</Filter>
    </ClInclude>
    <ClInclude Include="src\data\issue-status.h">
      <Filter>Header Files\data</Filter>
    </ClInclude>
  </ItemGroup>
</Project>